{
  "name": "address-book",
  "version": "1.0.0",
  "lockfileVersion": 2,
  "requires": true,
  "packages": {
    "": {
      "name": "address-book",
      "version": "1.0.0",
      "license": "MIT",
      "dependencies": {
        "@wilnersson/console-input-collector": "^1.0.1"
      }
    },
    "node_modules/@wilnersson/console-input-collector": {
      "version": "1.0.1",
      "resolved": "https://registry.npmjs.org/@wilnersson/console-input-collector/-/console-input-collector-1.0.1.tgz",
      "integrity": "sha512-HHq9Zolaebq+8xvGH0Hm7d4UsYlletWWq36MMO+M9bn/3qbBS6/RamwTO855Dh9pjahqrT7LWPa7GOiJ1wjB/g=="
    }
  },
  "dependencies": {
    "@wilnersson/console-input-collector": {
      "version": "1.0.1",
      "resolved": "https://registry.npmjs.org/@wilnersson/console-input-collector/-/console-input-collector-1.0.1.tgz",
      "integrity": "sha512-HHq9Zolaebq+8xvGH0Hm7d4UsYlletWWq36MMO+M9bn/3qbBS6/RamwTO855Dh9pjahqrT7LWPa7GOiJ1wjB/g=="
    }
  }
}
